// !$*UTF8*$!
{
	archiveVersion = 1;
	classes = {
	};
	objectVersion = 56;
	objects = {

/* Begin PBXBuildFile section */
		F01B633E2C0F4176005B2E38 /* JokeAPIApp.swift in Sources */ = {isa = PBXBuildFile; fileRef = F01B633D2C0F4176005B2E38 /* JokeAPIApp.swift */; };
		F01B63402C0F4176005B2E38 /* ContentView.swift in Sources */ = {isa = PBXBuildFile; fileRef = F01B633F2C0F4176005B2E38 /* ContentView.swift */; };
		F01B63422C0F4178005B2E38 /* Assets.xcassets in Resources */ = {isa = PBXBuildFile; fileRef = F01B63412C0F4178005B2E38 /* Assets.xcassets */; };
		F01B63452C0F4178005B2E38 /* Preview Assets.xcassets in Resources */ = {isa = PBXBuildFile; fileRef = F01B63442C0F4178005B2E38 /* Preview Assets.xcassets */; };
		F01B634F2C0F4178005B2E38 /* JokeAPITests.swift in Sources */ = {isa = PBXBuildFile; fileRef = F01B634E2C0F4178005B2E38 /* JokeAPITests.swift */; };
		F01B63592C0F4178005B2E38 /* JokeAPIUITests.swift in Sources */ = {isa = PBXBuildFile; fileRef = F01B63582C0F4178005B2E38 /* JokeAPIUITests.swift */; };
		F01B635B2C0F4178005B2E38 /* JokeAPIUITestsLaunchTests.swift in Sources */ = {isa = PBXBuildFile; fileRef = F01B635A2C0F4178005B2E38 /* JokeAPIUITestsLaunchTests.swift */; };
		F01B636C2C0F4220005B2E38 /* Joke.swift in Sources */ = {isa = PBXBuildFile; fileRef = F01B636B2C0F4220005B2E38 /* Joke.swift */; };
		F01B636E2C0F4375005B2E38 /* Flags.swift in Sources */ = {isa = PBXBuildFile; fileRef = F01B636D2C0F4375005B2E38 /* Flags.swift */; };
		F01B63702C0F43F4005B2E38 /* APIManager.swift in Sources */ = {isa = PBXBuildFile; fileRef = F01B636F2C0F43F4005B2E38 /* APIManager.swift */; };
		F01B63722C0F4462005B2E38 /* JokeErrors.swift in Sources */ = {isa = PBXBuildFile; fileRef = F01B63712C0F4462005B2E38 /* JokeErrors.swift */; };
		F01B63742C0F4F24005B2E38 /* Settings.swift in Sources */ = {isa = PBXBuildFile; fileRef = F01B63732C0F4F24005B2E38 /* Settings.swift */; };
		F01B63762C0F508E005B2E38 /* SettingEnums.swift in Sources */ = {isa = PBXBuildFile; fileRef = F01B63752C0F508E005B2E38 /* SettingEnums.swift */; };
		F04064B42C0F5B6500DC95BA /* HomeView.swift in Sources */ = {isa = PBXBuildFile; fileRef = F04064B32C0F5B6500DC95BA /* HomeView.swift */; };
/* End PBXBuildFile section */

/* Begin PBXContainerItemProxy section */
		F01B634B2C0F4178005B2E38 /* PBXContainerItemProxy */ = {
			isa = PBXContainerItemProxy;
			containerPortal = F01B63322C0F4176005B2E38 /* Project object */;
			proxyType = 1;
			remoteGlobalIDString = F01B63392C0F4176005B2E38;
			remoteInfo = JokeAPI;
		};
		F01B63552C0F4178005B2E38 /* PBXContainerItemProxy */ = {
			isa = PBXContainerItemProxy;
			containerPortal = F01B63322C0F4176005B2E38 /* Project object */;
			proxyType = 1;
			remoteGlobalIDString = F01B63392C0F4176005B2E38;
			remoteInfo = JokeAPI;
		};
/* End PBXContainerItemProxy section */

/* Begin PBXFileReference section */
		F01B633A2C0F4176005B2E38 /* JokeAPI.app */ = {isa = PBXFileReference; explicitFileType = wrapper.application; includeInIndex = 0; path = JokeAPI.app; sourceTree = BUILT_PRODUCTS_DIR; };
		F01B633D2C0F4176005B2E38 /* JokeAPIApp.swift */ = {isa = PBXFileReference; lastKnownFileType = sourcecode.swift; path = JokeAPIApp.swift; sourceTree = "<group>"; };
		F01B633F2C0F4176005B2E38 /* ContentView.swift */ = {isa = PBXFileReference; lastKnownFileType = sourcecode.swift; path = ContentView.swift; sourceTree = "<group>"; };
		F01B63412C0F4178005B2E38 /* Assets.xcassets */ = {isa = PBXFileReference; lastKnownFileType = folder.assetcatalog; path = Assets.xcassets; sourceTree = "<group>"; };
		F01B63442C0F4178005B2E38 /* Preview Assets.xcassets */ = {isa = PBXFileReference; lastKnownFileType = folder.assetcatalog; path = "Preview Assets.xcassets"; sourceTree = "<group>"; };
		F01B634A2C0F4178005B2E38 /* JokeAPITests.xctest */ = {isa = PBXFileReference; explicitFileType = wrapper.cfbundle; includeInIndex = 0; path = JokeAPITests.xctest; sourceTree = BUILT_PRODUCTS_DIR; };
		F01B634E2C0F4178005B2E38 /* JokeAPITests.swift */ = {isa = PBXFileReference; lastKnownFileType = sourcecode.swift; path = JokeAPITests.swift; sourceTree = "<group>"; };
		F01B63542C0F4178005B2E38 /* JokeAPIUITests.xctest */ = {isa = PBXFileReference; explicitFileType = wrapper.cfbundle; includeInIndex = 0; path = JokeAPIUITests.xctest; sourceTree = BUILT_PRODUCTS_DIR; };
		F01B63582C0F4178005B2E38 /* JokeAPIUITests.swift */ = {isa = PBXFileReference; lastKnownFileType = sourcecode.swift; path = JokeAPIUITests.swift; sourceTree = "<group>"; };
		F01B635A2C0F4178005B2E38 /* JokeAPIUITestsLaunchTests.swift */ = {isa = PBXFileReference; lastKnownFileType = sourcecode.swift; path = JokeAPIUITestsLaunchTests.swift; sourceTree = "<group>"; };
		F01B636B2C0F4220005B2E38 /* Joke.swift */ = {isa = PBXFileReference; lastKnownFileType = sourcecode.swift; path = Joke.swift; sourceTree = "<group>"; };
		F01B636D2C0F4375005B2E38 /* Flags.swift */ = {isa = PBXFileReference; lastKnownFileType = sourcecode.swift; path = Flags.swift; sourceTree = "<group>"; };
		F01B636F2C0F43F4005B2E38 /* APIManager.swift */ = {isa = PBXFileReference; lastKnownFileType = sourcecode.swift; path = APIManager.swift; sourceTree = "<group>"; };
		F01B63712C0F4462005B2E38 /* JokeErrors.swift */ = {isa = PBXFileReference; lastKnownFileType = sourcecode.swift; path = JokeErrors.swift; sourceTree = "<group>"; };
		F01B63732C0F4F24005B2E38 /* Settings.swift */ = {isa = PBXFileReference; lastKnownFileType = sourcecode.swift; path = Settings.swift; sourceTree = "<group>"; };
		F01B63752C0F508E005B2E38 /* SettingEnums.swift */ = {isa = PBXFileReference; lastKnownFileType = sourcecode.swift; path = SettingEnums.swift; sourceTree = "<group>"; };
		F04064B32C0F5B6500DC95BA /* HomeView.swift */ = {isa = PBXFileReference; lastKnownFileType = sourcecode.swift; path = HomeView.swift; sourceTree = "<group>"; };
/* End PBXFileReference section */

/* Begin PBXFrameworksBuildPhase section */
		F01B63372C0F4176005B2E38 /* Frameworks */ = {
			isa = PBXFrameworksBuildPhase;
			buildActionMask = 2147483647;
			files = (
			);
			runOnlyForDeploymentPostprocessing = 0;
		};
		F01B63472C0F4178005B2E38 /* Frameworks */ = {
			isa = PBXFrameworksBuildPhase;
			buildActionMask = 2147483647;
			files = (
			);
			runOnlyForDeploymentPostprocessing = 0;
		};
		F01B63512C0F4178005B2E38 /* Frameworks */ = {
			isa = PBXFrameworksBuildPhase;
			buildActionMask = 2147483647;
			files = (
			);
			runOnlyForDeploymentPostprocessing = 0;
		};
/* End PBXFrameworksBuildPhase section */

/* Begin PBXGroup section */
		F01B63312C0F4176005B2E38 = {
			isa = PBXGroup;
			children = (
				F01B633C2C0F4176005B2E38 /* JokeAPI */,
				F01B634D2C0F4178005B2E38 /* JokeAPITests */,
				F01B63572C0F4178005B2E38 /* JokeAPIUITests */,
				F01B633B2C0F4176005B2E38 /* Products */,
			);
			sourceTree = "<group>";
		};
		F01B633B2C0F4176005B2E38 /* Products */ = {
			isa = PBXGroup;
			children = (
				F01B633A2C0F4176005B2E38 /* JokeAPI.app */,
				F01B634A2C0F4178005B2E38 /* JokeAPITests.xctest */,
				F01B63542C0F4178005B2E38 /* JokeAPIUITests.xctest */,
			);
			name = Products;
			sourceTree = "<group>";
		};
		F01B633C2C0F4176005B2E38 /* JokeAPI */ = {
			isa = PBXGroup;
			children = (
				F01B636A2C0F420C005B2E38 /* Views */,
				F01B63692C0F4205005B2E38 /* ViewModels */,
				F01B63682C0F41F4005B2E38 /* Models */,
				F01B633D2C0F4176005B2E38 /* JokeAPIApp.swift */,
				F01B63412C0F4178005B2E38 /* Assets.xcassets */,
				F01B63432C0F4178005B2E38 /* Preview Content */,
			);
			path = JokeAPI;
			sourceTree = "<group>";
		};
		F01B63432C0F4178005B2E38 /* Preview Content */ = {
			isa = PBXGroup;
			children = (
				F01B63442C0F4178005B2E38 /* Preview Assets.xcassets */,
			);
			path = "Preview Content";
			sourceTree = "<group>";
		};
		F01B634D2C0F4178005B2E38 /* JokeAPITests */ = {
			isa = PBXGroup;
			children = (
				F01B634E2C0F4178005B2E38 /* JokeAPITests.swift */,
			);
			path = JokeAPITests;
			sourceTree = "<group>";
		};
		F01B63572C0F4178005B2E38 /* JokeAPIUITests */ = {
			isa = PBXGroup;
			children = (
				F01B63582C0F4178005B2E38 /* JokeAPIUITests.swift */,
				F01B635A2C0F4178005B2E38 /* JokeAPIUITestsLaunchTests.swift */,
			);
			path = JokeAPIUITests;
			sourceTree = "<group>";
		};
		F01B63682C0F41F4005B2E38 /* Models */ = {
			isa = PBXGroup;
			children = (
				F01B636B2C0F4220005B2E38 /* Joke.swift */,
				F01B636D2C0F4375005B2E38 /* Flags.swift */,
				F01B63712C0F4462005B2E38 /* JokeErrors.swift */,
				F01B63752C0F508E005B2E38 /* SettingEnums.swift */,
			);
			path = Models;
			sourceTree = "<group>";
		};
		F01B63692C0F4205005B2E38 /* ViewModels */ = {
			isa = PBXGroup;
			children = (
				F01B636F2C0F43F4005B2E38 /* APIManager.swift */,
			);
			path = ViewModels;
			sourceTree = "<group>";
		};
		F01B636A2C0F420C005B2E38 /* Views */ = {
			isa = PBXGroup;
			children = (
				F01B633F2C0F4176005B2E38 /* ContentView.swift */,
				F01B63732C0F4F24005B2E38 /* Settings.swift */,
				F04064B32C0F5B6500DC95BA /* HomeView.swift */,
			);
			path = Views;
			sourceTree = "<group>";
		};
/* End PBXGroup section */

/* Begin PBXNativeTarget section */
		F01B63392C0F4176005B2E38 /* JokeAPI */ = {
			isa = PBXNativeTarget;
			buildConfigurationList = F01B635E2C0F4178005B2E38 /* Build configuration list for PBXNativeTarget "JokeAPI" */;
			buildPhases = (
				F01B63362C0F4176005B2E38 /* Sources */,
				F01B63372C0F4176005B2E38 /* Frameworks */,
				F01B63382C0F4176005B2E38 /* Resources */,
			);
			buildRules = (
			);
			dependencies = (
			);
			name = JokeAPI;
			productName = JokeAPI;
			productReference = F01B633A2C0F4176005B2E38 /* JokeAPI.app */;
			productType = "com.apple.product-type.application";
		};
		F01B63492C0F4178005B2E38 /* JokeAPITests */ = {
			isa = PBXNativeTarget;
			buildConfigurationList = F01B63612C0F4178005B2E38 /* Build configuration list for PBXNativeTarget "JokeAPITests" */;
			buildPhases = (
				F01B63462C0F4178005B2E38 /* Sources */,
				F01B63472C0F4178005B2E38 /* Frameworks */,
				F01B63482C0F4178005B2E38 /* Resources */,
			);
			buildRules = (
			);
			dependencies = (
				F01B634C2C0F4178005B2E38 /* PBXTargetDependency */,
			);
			name = JokeAPITests;
			productName = JokeAPITests;
			productReference = F01B634A2C0F4178005B2E38 /* JokeAPITests.xctest */;
			productType = "com.apple.product-type.bundle.unit-test";
		};
		F01B63532C0F4178005B2E38 /* JokeAPIUITests */ = {
			isa = PBXNativeTarget;
			buildConfigurationList = F01B63642C0F4178005B2E38 /* Build configuration list for PBXNativeTarget "JokeAPIUITests" */;
			buildPhases = (
				F01B63502C0F4178005B2E38 /* Sources */,
				F01B63512C0F4178005B2E38 /* Frameworks */,
				F01B63522C0F4178005B2E38 /* Resources */,
			);
			buildRules = (
			);
			dependencies = (
				F01B63562C0F4178005B2E38 /* PBXTargetDependency */,
			);
			name = JokeAPIUITests;
			productName = JokeAPIUITests;
			productReference = F01B63542C0F4178005B2E38 /* JokeAPIUITests.xctest */;
			productType = "com.apple.product-type.bundle.ui-testing";
		};
/* End PBXNativeTarget section */

/* Begin PBXProject section */
		F01B63322C0F4176005B2E38 /* Project object */ = {
			isa = PBXProject;
			attributes = {
				BuildIndependentTargetsInParallel = 1;
				LastSwiftUpdateCheck = 1540;
				LastUpgradeCheck = 1540;
				TargetAttributes = {
					F01B63392C0F4176005B2E38 = {
						CreatedOnToolsVersion = 15.4;
					};
					F01B63492C0F4178005B2E38 = {
						CreatedOnToolsVersion = 15.4;
						TestTargetID = F01B63392C0F4176005B2E38;
					};
					F01B63532C0F4178005B2E38 = {
						CreatedOnToolsVersion = 15.4;
						TestTargetID = F01B63392C0F4176005B2E38;
					};
				};
			};
			buildConfigurationList = F01B63352C0F4176005B2E38 /* Build configuration list for PBXProject "JokeAPI" */;
			compatibilityVersion = "Xcode 14.0";
			developmentRegion = en;
			hasScannedForEncodings = 0;
			knownRegions = (
				en,
				Base,
			);
			mainGroup = F01B63312C0F4176005B2E38;
			productRefGroup = F01B633B2C0F4176005B2E38 /* Products */;
			projectDirPath = "";
			projectRoot = "";
			targets = (
				F01B63392C0F4176005B2E38 /* JokeAPI */,
				F01B63492C0F4178005B2E38 /* JokeAPITests */,
				F01B63532C0F4178005B2E38 /* JokeAPIUITests */,
			);
		};
/* End PBXProject section */

/* Begin PBXResourcesBuildPhase section */
		F01B63382C0F4176005B2E38 /* Resources */ = {
			isa = PBXResourcesBuildPhase;
			buildActionMask = 2147483647;
			files = (
				F01B63452C0F4178005B2E38 /* Preview Assets.xcassets in Resources */,
				F01B63422C0F4178005B2E38 /* Assets.xcassets in Resources */,
			);
			runOnlyForDeploymentPostprocessing = 0;
		};
		F01B63482C0F4178005B2E38 /* Resources */ = {
			isa = PBXResourcesBuildPhase;
			buildActionMask = 2147483647;
			files = (
			);
			runOnlyForDeploymentPostprocessing = 0;
		};
		F01B63522C0F4178005B2E38 /* Resources */ = {
			isa = PBXResourcesBuildPhase;
			buildActionMask = 2147483647;
			files = (
			);
			runOnlyForDeploymentPostprocessing = 0;
		};
/* End PBXResourcesBuildPhase section */

/* Begin PBXSourcesBuildPhase section */
		F01B63362C0F4176005B2E38 /* Sources */ = {
			isa = PBXSourcesBuildPhase;
			buildActionMask = 2147483647;
			files = (
				F04064B42C0F5B6500DC95BA /* HomeView.swift in Sources */,
				F01B63402C0F4176005B2E38 /* ContentView.swift in Sources */,
				F01B633E2C0F4176005B2E38 /* JokeAPIApp.swift in Sources */,
				F01B63702C0F43F4005B2E38 /* APIManager.swift in Sources */,
				F01B63762C0F508E005B2E38 /* SettingEnums.swift in Sources */,
				F01B636C2C0F4220005B2E38 /* Joke.swift in Sources */,
				F01B63742C0F4F24005B2E38 /* Settings.swift in Sources */,
				F01B636E2C0F4375005B2E38 /* Flags.swift in Sources */,
				F01B63722C0F4462005B2E38 /* JokeErrors.swift in Sources */,
			);
			runOnlyForDeploymentPostprocessing = 0;
		};
		F01B63462C0F4178005B2E38 /* Sources */ = {
			isa = PBXSourcesBuildPhase;
			buildActionMask = 2147483647;
			files = (
				F01B634F2C0F4178005B2E38 /* JokeAPITests.swift in Sources */,
			);
			runOnlyForDeploymentPostprocessing = 0;
		};
		F01B63502C0F4178005B2E38 /* Sources */ = {
			isa = PBXSourcesBuildPhase;
			buildActionMask = 2147483647;
			files = (
				F01B635B2C0F4178005B2E38 /* JokeAPIUITestsLaunchTests.swift in Sources */,
				F01B63592C0F4178005B2E38 /* JokeAPIUITests.swift in Sources */,
			);
			runOnlyForDeploymentPostprocessing = 0;
		};
/* End PBXSourcesBuildPhase section */

/* Begin PBXTargetDependency section */
		F01B634C2C0F4178005B2E38 /* PBXTargetDependency */ = {
			isa = PBXTargetDependency;
			target = F01B63392C0F4176005B2E38 /* JokeAPI */;
			targetProxy = F01B634B2C0F4178005B2E38 /* PBXContainerItemProxy */;
		};
		F01B63562C0F4178005B2E38 /* PBXTargetDependency */ = {
			isa = PBXTargetDependency;
			target = F01B63392C0F4176005B2E38 /* JokeAPI */;
			targetProxy = F01B63552C0F4178005B2E38 /* PBXContainerItemProxy */;
		};
/* End PBXTargetDependency section */

/* Begin XCBuildConfiguration section */
		F01B635C2C0F4178005B2E38 /* Debug */ = {
			isa = XCBuildConfiguration;
			buildSettings = {
				ALWAYS_SEARCH_USER_PATHS = NO;
				ASSETCATALOG_COMPILER_GENERATE_SWIFT_ASSET_SYMBOL_EXTENSIONS = YES;
				CLANG_ANALYZER_NONNULL = YES;
				CLANG_ANALYZER_NUMBER_OBJECT_CONVERSION = YES_AGGRESSIVE;
				CLANG_CXX_LANGUAGE_STANDARD = "gnu++20";
				CLANG_ENABLE_MODULES = YES;
				CLANG_ENABLE_OBJC_ARC = YES;
				CLANG_ENABLE_OBJC_WEAK = YES;
				CLANG_WARN_BLOCK_CAPTURE_AUTORELEASING = YES;
				CLANG_WARN_BOOL_CONVERSION = YES;
				CLANG_WARN_COMMA = YES;
				CLANG_WARN_CONSTANT_CONVERSION = YES;
				CLANG_WARN_DEPRECATED_OBJC_IMPLEMENTATIONS = YES;
				CLANG_WARN_DIRECT_OBJC_ISA_USAGE = YES_ERROR;
				CLANG_WARN_DOCUMENTATION_COMMENTS = YES;
				CLANG_WARN_EMPTY_BODY = YES;
				CLANG_WARN_ENUM_CONVERSION = YES;
				CLANG_WARN_INFINITE_RECURSION = YES;
				CLANG_WARN_INT_CONVERSION = YES;
				CLANG_WARN_NON_LITERAL_NULL_CONVERSION = YES;
				CLANG_WARN_OBJC_IMPLICIT_RETAIN_SELF = YES;
				CLANG_WARN_OBJC_LITERAL_CONVERSION = YES;
				CLANG_WARN_OBJC_ROOT_CLASS = YES_ERROR;
				CLANG_WARN_QUOTED_INCLUDE_IN_FRAMEWORK_HEADER = YES;
				CLANG_WARN_RANGE_LOOP_ANALYSIS = YES;
				CLANG_WARN_STRICT_PROTOTYPES = YES;
				CLANG_WARN_SUSPICIOUS_MOVE = YES;
				CLANG_WARN_UNGUARDED_AVAILABILITY = YES_AGGRESSIVE;
				CLANG_WARN_UNREACHABLE_CODE = YES;
				CLANG_WARN__DUPLICATE_METHOD_MATCH = YES;
				COPY_PHASE_STRIP = NO;
				DEBUG_INFORMATION_FORMAT = dwarf;
				ENABLE_STRICT_OBJC_MSGSEND = YES;
				ENABLE_TESTABILITY = YES;
				ENABLE_USER_SCRIPT_SANDBOXING = YES;
				GCC_C_LANGUAGE_STANDARD = gnu17;
				GCC_DYNAMIC_NO_PIC = NO;
				GCC_NO_COMMON_BLOCKS = YES;
				GCC_OPTIMIZATION_LEVEL = 0;
				GCC_PREPROCESSOR_DEFINITIONS = (
					"DEBUG=1",
					"$(inherited)",
				);
				GCC_WARN_64_TO_32_BIT_CONVERSION = YES;
				GCC_WARN_ABOUT_RETURN_TYPE = YES_ERROR;
				GCC_WARN_UNDECLARED_SELECTOR = YES;
				GCC_WARN_UNINITIALIZED_AUTOS = YES_AGGRESSIVE;
				GCC_WARN_UNUSED_FUNCTION = YES;
				GCC_WARN_UNUSED_VARIABLE = YES;
				IPHONEOS_DEPLOYMENT_TARGET = 17.5;
				LOCALIZATION_PREFERS_STRING_CATALOGS = YES;
				MTL_ENABLE_DEBUG_INFO = INCLUDE_SOURCE;
				MTL_FAST_MATH = YES;
				ONLY_ACTIVE_ARCH = YES;
				SDKROOT = iphoneos;
				SWIFT_ACTIVE_COMPILATION_CONDITIONS = "DEBUG $(inherited)";
				SWIFT_OPTIMIZATION_LEVEL = "-Onone";
			};
			name = Debug;
		};
		F01B635D2C0F4178005B2E38 /* Release */ = {
			isa = XCBuildConfiguration;
			buildSettings = {
				ALWAYS_SEARCH_USER_PATHS = NO;
				ASSETCATALOG_COMPILER_GENERATE_SWIFT_ASSET_SYMBOL_EXTENSIONS = YES;
				CLANG_ANALYZER_NONNULL = YES;
				CLANG_ANALYZER_NUMBER_OBJECT_CONVERSION = YES_AGGRESSIVE;
				CLANG_CXX_LANGUAGE_STANDARD = "gnu++20";
				CLANG_ENABLE_MODULES = YES;
				CLANG_ENABLE_OBJC_ARC = YES;
				CLANG_ENABLE_OBJC_WEAK = YES;
				CLANG_WARN_BLOCK_CAPTURE_AUTORELEASING = YES;
				CLANG_WARN_BOOL_CONVERSION = YES;
				CLANG_WARN_COMMA = YES;
				CLANG_WARN_CONSTANT_CONVERSION = YES;
				CLANG_WARN_DEPRECATED_OBJC_IMPLEMENTATIONS = YES;
				CLANG_WARN_DIRECT_OBJC_ISA_USAGE = YES_ERROR;
				CLANG_WARN_DOCUMENTATION_COMMENTS = YES;
				CLANG_WARN_EMPTY_BODY = YES;
				CLANG_WARN_ENUM_CONVERSION = YES;
				CLANG_WARN_INFINITE_RECURSION = YES;
				CLANG_WARN_INT_CONVERSION = YES;
				CLANG_WARN_NON_LITERAL_NULL_CONVERSION = YES;
				CLANG_WARN_OBJC_IMPLICIT_RETAIN_SELF = YES;
				CLANG_WARN_OBJC_LITERAL_CONVERSION = YES;
				CLANG_WARN_OBJC_ROOT_CLASS = YES_ERROR;
				CLANG_WARN_QUOTED_INCLUDE_IN_FRAMEWORK_HEADER = YES;
				CLANG_WARN_RANGE_LOOP_ANALYSIS = YES;
				CLANG_WARN_STRICT_PROTOTYPES = YES;
				CLANG_WARN_SUSPICIOUS_MOVE = YES;
				CLANG_WARN_UNGUARDED_AVAILABILITY = YES_AGGRESSIVE;
				CLANG_WARN_UNREACHABLE_CODE = YES;
				CLANG_WARN__DUPLICATE_METHOD_MATCH = YES;
				COPY_PHASE_STRIP = NO;
				DEBUG_INFORMATION_FORMAT = "dwarf-with-dsym";
				ENABLE_NS_ASSERTIONS = NO;
				ENABLE_STRICT_OBJC_MSGSEND = YES;
				ENABLE_USER_SCRIPT_SANDBOXING = YES;
				GCC_C_LANGUAGE_STANDARD = gnu17;
				GCC_NO_COMMON_BLOCKS = YES;
				GCC_WARN_64_TO_32_BIT_CONVERSION = YES;
				GCC_WARN_ABOUT_RETURN_TYPE = YES_ERROR;
				GCC_WARN_UNDECLARED_SELECTOR = YES;
				GCC_WARN_UNINITIALIZED_AUTOS = YES_AGGRESSIVE;
				GCC_WARN_UNUSED_FUNCTION = YES;
				GCC_WARN_UNUSED_VARIABLE = YES;
				IPHONEOS_DEPLOYMENT_TARGET = 17.5;
				LOCALIZATION_PREFERS_STRING_CATALOGS = YES;
				MTL_ENABLE_DEBUG_INFO = NO;
				MTL_FAST_MATH = YES;
				SDKROOT = iphoneos;
				SWIFT_COMPILATION_MODE = wholemodule;
				VALIDATE_PRODUCT = YES;
			};
			name = Release;
		};
		F01B635F2C0F4178005B2E38 /* Debug */ = {
			isa = XCBuildConfiguration;
			buildSettings = {
				ASSETCATALOG_COMPILER_APPICON_NAME = AppIcon;
				ASSETCATALOG_COMPILER_GLOBAL_ACCENT_COLOR_NAME = AccentColor;
				CODE_SIGN_STYLE = Automatic;
				CURRENT_PROJECT_VERSION = 1;
				DEVELOPMENT_ASSET_PATHS = "\"JokeAPI/Preview Content\"";
				ENABLE_PREVIEWS = YES;
				GENERATE_INFOPLIST_FILE = YES;
				INFOPLIST_KEY_UIApplicationSceneManifest_Generation = YES;
				INFOPLIST_KEY_UIApplicationSupportsIndirectInputEvents = YES;
				INFOPLIST_KEY_UILaunchScreen_Generation = YES;
				INFOPLIST_KEY_UISupportedInterfaceOrientations_iPad = "UIInterfaceOrientationPortrait UIInterfaceOrientationPortraitUpsideDown UIInterfaceOrientationLandscapeLeft UIInterfaceOrientationLandscapeRight";
				INFOPLIST_KEY_UISupportedInterfaceOrientations_iPhone = "UIInterfaceOrientationPortrait UIInterfaceOrientationLandscapeLeft UIInterfaceOrientationLandscapeRight";
				LD_RUNPATH_SEARCH_PATHS = (
					"$(inherited)",
					"@executable_path/Frameworks",
				);
				MARKETING_VERSION = 1.0;
				PRODUCT_BUNDLE_IDENTIFIER = com.ezew.JokeAPI;
				PRODUCT_NAME = "$(TARGET_NAME)";
				SWIFT_EMIT_LOC_STRINGS = YES;
				SWIFT_VERSION = 5.0;
				TARGETED_DEVICE_FAMILY = "1,2";
			};
			name = Debug;
		};
		F01B63602C0F4178005B2E38 /* Release */ = {
			isa = XCBuildConfiguration;
			buildSettings = {
				ASSETCATALOG_COMPILER_APPICON_NAME = AppIcon;
				ASSETCATALOG_COMPILER_GLOBAL_ACCENT_COLOR_NAME = AccentColor;
				CODE_SIGN_STYLE = Automatic;
				CURRENT_PROJECT_VERSION = 1;
				DEVELOPMENT_ASSET_PATHS = "\"JokeAPI/Preview Content\"";
				ENABLE_PREVIEWS = YES;
				GENERATE_INFOPLIST_FILE = YES;
				INFOPLIST_KEY_UIApplicationSceneManifest_Generation = YES;
				INFOPLIST_KEY_UIApplicationSupportsIndirectInputEvents = YES;
				INFOPLIST_KEY_UILaunchScreen_Generation = YES;
				INFOPLIST_KEY_UISupportedInterfaceOrientations_iPad = "UIInterfaceOrientationPortrait UIInterfaceOrientationPortraitUpsideDown UIInterfaceOrientationLandscapeLeft UIInterfaceOrientationLandscapeRight";
				INFOPLIST_KEY_UISupportedInterfaceOrientations_iPhone = "UIInterfaceOrientationPortrait UIInterfaceOrientationLandscapeLeft UIInterfaceOrientationLandscapeRight";
				LD_RUNPATH_SEARCH_PATHS = (
					"$(inherited)",
					"@executable_path/Frameworks",
				);
				MARKETING_VERSION = 1.0;
				PRODUCT_BUNDLE_IDENTIFIER = com.ezew.JokeAPI;
				PRODUCT_NAME = "$(TARGET_NAME)";
				SWIFT_EMIT_LOC_STRINGS = YES;
				SWIFT_VERSION = 5.0;
				TARGETED_DEVICE_FAMILY = "1,2";
			};
			name = Release;
		};
		F01B63622C0F4178005B2E38 /* Debug */ = {
			isa = XCBuildConfiguration;
			buildSettings = {
				ALWAYS_EMBED_SWIFT_STANDARD_LIBRARIES = YES;
				BUNDLE_LOADER = "$(TEST_HOST)";
				CODE_SIGN_STYLE = Automatic;
				CURRENT_PROJECT_VERSION = 1;
				GENERATE_INFOPLIST_FILE = YES;
				IPHONEOS_DEPLOYMENT_TARGET = 17.5;
				MARKETING_VERSION = 1.0;
				PRODUCT_BUNDLE_IDENTIFIER = com.ezew.JokeAPITests;
				PRODUCT_NAME = "$(TARGET_NAME)";
				SWIFT_EMIT_LOC_STRINGS = NO;
				SWIFT_VERSION = 5.0;
				TARGETED_DEVICE_FAMILY = "1,2";
				TEST_HOST = "$(BUILT_PRODUCTS_DIR)/JokeAPI.app/$(BUNDLE_EXECUTABLE_FOLDER_PATH)/JokeAPI";
			};
			name = Debug;
		};
		F01B63632C0F4178005B2E38 /* Release */ = {
			isa = XCBuildConfiguration;
			buildSettings = {
				ALWAYS_EMBED_SWIFT_STANDARD_LIBRARIES = YES;
				BUNDLE_LOADER = "$(TEST_HOST)";
				CODE_SIGN_STYLE = Automatic;
				CURRENT_PROJECT_VERSION = 1;
				GENERATE_INFOPLIST_FILE = YES;
				IPHONEOS_DEPLOYMENT_TARGET = 17.5;
				MARKETING_VERSION = 1.0;
				PRODUCT_BUNDLE_IDENTIFIER = com.ezew.JokeAPITests;
				PRODUCT_NAME = "$(TARGET_NAME)";
				SWIFT_EMIT_LOC_STRINGS = NO;
				SWIFT_VERSION = 5.0;
				TARGETED_DEVICE_FAMILY = "1,2";
				TEST_HOST = "$(BUILT_PRODUCTS_DIR)/JokeAPI.app/$(BUNDLE_EXECUTABLE_FOLDER_PATH)/JokeAPI";
			};
			name = Release;
		};
		F01B63652C0F4178005B2E38 /* Debug */ = {
			isa = XCBuildConfiguration;
			buildSettings = {
				ALWAYS_EMBED_SWIFT_STANDARD_LIBRARIES = YES;
				CODE_SIGN_STYLE = Automatic;
				CURRENT_PROJECT_VERSION = 1;
				GENERATE_INFOPLIST_FILE = YES;
				MARKETING_VERSION = 1.0;
				PRODUCT_BUNDLE_IDENTIFIER = com.ezew.JokeAPIUITests;
				PRODUCT_NAME = "$(TARGET_NAME)";
				SWIFT_EMIT_LOC_STRINGS = NO;
				SWIFT_VERSION = 5.0;
				TARGETED_DEVICE_FAMILY = "1,2";
				TEST_TARGET_NAME = JokeAPI;
			};
			name = Debug;
		};
		F01B63662C0F4178005B2E38 /* Release */ = {
			isa = XCBuildConfiguration;
			buildSettings = {
				ALWAYS_EMBED_SWIFT_STANDARD_LIBRARIES = YES;
				CODE_SIGN_STYLE = Automatic;
				CURRENT_PROJECT_VERSION = 1;
				GENERATE_INFOPLIST_FILE = YES;
				MARKETING_VERSION = 1.0;
				PRODUCT_BUNDLE_IDENTIFIER = com.ezew.JokeAPIUITests;
				PRODUCT_NAME = "$(TARGET_NAME)";
				SWIFT_EMIT_LOC_STRINGS = NO;
				SWIFT_VERSION = 5.0;
				TARGETED_DEVICE_FAMILY = "1,2";
				TEST_TARGET_NAME = JokeAPI;
			};
			name = Release;
		};
/* End XCBuildConfiguration section */

/* Begin XCConfigurationList section */
		F01B63352C0F4176005B2E38 /* Build configuration list for PBXProject "JokeAPI" */ = {
			isa = XCConfigurationList;
			buildConfigurations = (
				F01B635C2C0F4178005B2E38 /* Debug */,
				F01B635D2C0F4178005B2E38 /* Release */,
			);
			defaultConfigurationIsVisible = 0;
			defaultConfigurationName = Release;
		};
		F01B635E2C0F4178005B2E38 /* Build configuration list for PBXNativeTarget "JokeAPI" */ = {
			isa = XCConfigurationList;
			buildConfigurations = (
				F01B635F2C0F4178005B2E38 /* Debug */,
				F01B63602C0F4178005B2E38 /* Release */,
			);
			defaultConfigurationIsVisible = 0;
			defaultConfigurationName = Release;
		};
		F01B63612C0F4178005B2E38 /* Build configuration list for PBXNativeTarget "JokeAPITests" */ = {
			isa = XCConfigurationList;
			buildConfigurations = (
				F01B63622C0F4178005B2E38 /* Debug */,
				F01B63632C0F4178005B2E38 /* Release */,
			);
			defaultConfigurationIsVisible = 0;
			defaultConfigurationName = Release;
		};
		F01B63642C0F4178005B2E38 /* Build configuration list for PBXNativeTarget "JokeAPIUITests" */ = {
			isa = XCConfigurationList;
			buildConfigurations = (
				F01B63652C0F4178005B2E38 /* Debug */,
				F01B63662C0F4178005B2E38 /* Release */,
			);
			defaultConfigurationIsVisible = 0;
			defaultConfigurationName = Release;
		};
/* End XCConfigurationList section */
	};
	rootObject = F01B63322C0F4176005B2E38 /* Project object */;
}
